{
  "name": "tasty-food-team",
  "lockfileVersion": 3,
  "requires": true,
  "packages": {
    "": {
      "dependencies": {
        "remixicon": "^4.7.0"
      }
    },
    "node_modules/remixicon": {
      "version": "4.7.0",
      "resolved": "https://registry.npmjs.org/remixicon/-/remixicon-4.7.0.tgz",
      "integrity": "sha512-g2pHOofQWARWpxdbrQu5+K3C8ZbqguQFzE54HIMWFCpFa63pumaAltIgZmFMRQpKKBScRWQASQfWxS9asNCcHQ==",
      "license": "Apache-2.0"
    }
  }
}
